
Microsoft Visual Studio Solution File, Format Version 12.00
# Visual Studio Version 17
VisualStudioVersion = 17.5.33516.290
MinimumVisualStudioVersion = 10.0.40219.1
Project("{9A19103F-16F7-4668-BE54-9A1E7A4F7556}") = "HR_Project.Domain", "HR_Project.Domain\HR_Project.Domain.csproj", "{02F0F66F-6B78-41EE-80F0-54E52834E1B6}"
EndProject
Project("{9A19103F-16F7-4668-BE54-9A1E7A4F7556}") = "HR_Project.Infrastructure", "HR_Project.Infrastructure\HR_Project.Infrastructure.csproj", "{9A999D0F-2888-469A-B948-DC18F07D9CD0}"
EndProject
Project("{9A19103F-16F7-4668-BE54-9A1E7A4F7556}") = "HR_Project.Application", "HR_Project.Application\HR_Project.Application.csproj", "{3F138286-09CA-4D69-A575-8F006E2EC3D0}"
EndProject
Project("{FAE04EC0-301F-11D3-BF4B-00C04F79EFBC}") = "HR_Project.Presentation", "HR_Project.Presentation\HR_Project.Presentation.csproj", "{3A711F3A-B111-46E6-ACDA-551B564FE8E3}"
EndProject
Project("{2150E333-8FDC-42A3-9474-1A3956D46DE8}") = "Solution Items", "Solution Items", "{1A3697DD-252D-4AFA-ABF1-0C5A9A161151}"
	ProjectSection(SolutionItems) = preProject
		NOTLAR.txt = NOTLAR.txt
	EndProjectSection
EndProject
Global
	GlobalSection(SolutionConfigurationPlatforms) = preSolution
		Debug|Any CPU = Debug|Any CPU
		Release|Any CPU = Release|Any CPU
	EndGlobalSection
	GlobalSection(ProjectConfigurationPlatforms) = postSolution
		{02F0F66F-6B78-41EE-80F0-54E52834E1B6}.Debug|Any CPU.ActiveCfg = Debug|Any CPU
		{02F0F66F-6B78-41EE-80F0-54E52834E1B6}.Debug|Any CPU.Build.0 = Debug|Any CPU
		{02F0F66F-6B78-41EE-80F0-54E52834E1B6}.Release|Any CPU.ActiveCfg = Release|Any CPU
		{02F0F66F-6B78-41EE-80F0-54E52834E1B6}.Release|Any CPU.Build.0 = Release|Any CPU
		{9A999D0F-2888-469A-B948-DC18F07D9CD0}.Debug|Any CPU.ActiveCfg = Debug|Any CPU
		{9A999D0F-2888-469A-B948-DC18F07D9CD0}.Debug|Any CPU.Build.0 = Debug|Any CPU
		{9A999D0F-2888-469A-B948-DC18F07D9CD0}.Release|Any CPU.ActiveCfg = Release|Any CPU
		{9A999D0F-2888-469A-B948-DC18F07D9CD0}.Release|Any CPU.Build.0 = Release|Any CPU
		{3F138286-09CA-4D69-A575-8F006E2EC3D0}.Debug|Any CPU.ActiveCfg = Debug|Any CPU
		{3F138286-09CA-4D69-A575-8F006E2EC3D0}.Debug|Any CPU.Build.0 = Debug|Any CPU
		{3F138286-09CA-4D69-A575-8F006E2EC3D0}.Release|Any CPU.ActiveCfg = Release|Any CPU
		{3F138286-09CA-4D69-A575-8F006E2EC3D0}.Release|Any CPU.Build.0 = Release|Any CPU
		{3A711F3A-B111-46E6-ACDA-551B564FE8E3}.Debug|Any CPU.ActiveCfg = Debug|Any CPU
		{3A711F3A-B111-46E6-ACDA-551B564FE8E3}.Debug|Any CPU.Build.0 = Debug|Any CPU
		{3A711F3A-B111-46E6-ACDA-551B564FE8E3}.Release|Any CPU.ActiveCfg = Release|Any CPU
		{3A711F3A-B111-46E6-ACDA-551B564FE8E3}.Release|Any CPU.Build.0 = Release|Any CPU
	EndGlobalSection
	GlobalSection(SolutionProperties) = preSolution
		HideSolutionNode = FALSE
	EndGlobalSection
	GlobalSection(ExtensibilityGlobals) = postSolution
		SolutionGuid = {6B8324C5-3102-4ABD-95AA-E7137622BE5F}
	EndGlobalSection
EndGlobal
